
Microsoft Visual Studio Solution File, Format Version 12.00
# Visual Studio 15
VisualStudioVersion = 15.0.27703.2026
MinimumVisualStudioVersion = 10.0.40219.1
Project("{9A19103F-16F7-4668-BE54-9A1E7A4F7556}") = "DapperCore", "DapperCore.csproj", "{EBB0A2BA-664D-42F1-9C2B-25FF40D36B5A}"
EndProject
Global
	GlobalSection(SolutionConfigurationPlatforms) = preSolution
		Debug|Any CPU = Debug|Any CPU
		Release|Any CPU = Release|Any CPU
	EndGlobalSection
	GlobalSection(ProjectConfigurationPlatforms) = postSolution
		{EBB0A2BA-664D-42F1-9C2B-25FF40D36B5A}.Debug|Any CPU.ActiveCfg = Debug|Any CPU
		{EBB0A2BA-664D-42F1-9C2B-25FF40D36B5A}.Debug|Any CPU.Build.0 = Debug|Any CPU
		{EBB0A2BA-664D-42F1-9C2B-25FF40D36B5A}.Release|Any CPU.ActiveCfg = Release|Any CPU
		{EBB0A2BA-664D-42F1-9C2B-25FF40D36B5A}.Release|Any CPU.Build.0 = Release|Any CPU
	EndGlobalSection
	GlobalSection(SolutionProperties) = preSolution
		HideSolutionNode = FALSE
	EndGlobalSection
	GlobalSection(ExtensibilityGlobals) = postSolution
		SolutionGuid = {7710E4D2-8278-455F-9EBE-2FC21F77BA40}
	EndGlobalSection
EndGlobal
